{
  "nodes": {
    "disko": {
      "inputs": {
        "nixpkgs": [
          "nixpkgs"
        ]
      },
      "locked": {
        "lastModified": 1789770686,
        "narHash": "sha256-uZkBR7yHdIKUFB5SZdfgh1qkGfI3XmYmI/lTiquxbck=",
        "owner": "nix-community",
        "repo": "disko",
        "rev": "725ea35e410ad83be4931d1bff7e090eacaf3563",
        "type": "github"
      },
      "original": {
        "owner": "nix-community",
        "repo": "disko",
        "type": "github"
      }
    },
    "flake-compat": {
      "flake": false,
      "locked": {
        "lastModified": 1767039857,
        "narHash": "sha256-vNpUSpF5Nuw8xvDLj2KCwwksIbjua2LZCqhV1LNRDns=",
        "owner": "NixOS",
        "repo": "flake-compat",
        "rev": "5edf11c44bc78a0d334f6334cdaf7d60d732daab",
        "type": "github"
      },
      "original": {
        "owner": "NixOS",
        "repo": "flake-compat",
        "type": "github"
      }
    },
    "git-hooks": {
      "inputs": {
        "flake-compat": "flake-compat",
        "nixpkgs": [
          "nixpkgs"
        ]
      },
      "locked": {
        "lastModified": 1790091288,
        "narHash": "sha256-2dUuLTiQrf2gUFVLlayDq/hgluitplAMv6Y9bYwQQ+c=",
        "owner": "cachix",
        "repo": "git-hooks.nix",
        "rev": "0d3997c4d3253505f77c9bcea63904bb575da3c5",
        "type": "github"
      },
      "original": {
        "owner": "cachix",
        "repo": "git-hooks.nix",
        "type": "github"
      }
    },
    "nix-vm-test": {
      "inputs": {
        "nixpkgs": [
          "nixos-install-helper",
          "nixos-anywhere",
          "nixpkgs"
        ]
      },
      "locked": {
        "lastModified": 1786747096,
        "narHash": "sha256-9QqhmaLVsPhKdMSBaWKjDqeGRn8G4ov4cVuZ6JFwXbo=",
        "owner": "numtide",
        "repo": "nix-vm-test",
        "rev": "c8781a0ea2d8417506fff7722eae5a6316461212",
        "type": "github"
      },
      "original": {
        "owner": "numtide",
        "repo": "nix-vm-test",
        "type": "github"
      }
    },
    "nixos-anywhere": {
      "inputs": {
        "disko": [
          "nixos-install-helper",
          "disko"
        ],
        "nix-vm-test": "nix-vm-test",
        "nixos-images": "nixos-images",
        "nixos-stable": [
          "nixos-install-helper",
          "nixpkgs"
        ],
        "nixpkgs": [
          "nixos-install-helper",
          "nixpkgs"
        ],
        "treefmt-nix": "treefmt-nix"
      },
      "locked": {
        "lastModified": 1789567195,
        "narHash": "sha256-ymvPUaBvMmGvxsPbmrocpxO4XK+H+K12YjgKIyG3Rwk=",
        "owner": "nix-community",
        "repo": "nixos-anywhere",
        "rev": "1c2f124e970fed2a49bd14ce0a8b4e9bff74d3b4",
        "type": "github"
      },
      "original": {
        "owner": "nix-community",
        "repo": "nixos-anywhere",
        "type": "github"
      }
    },
    "nixos-images": {
      "inputs": {
        "nixos-stable": [
          "nixos-install-helper",
          "nixos-anywhere",
          "nixos-stable"
        ],
        "nixos-unstable": [
          "nixos-install-helper",
          "nixos-anywhere",
          "nixpkgs"
        ]
      },
      "locked": {
        "lastModified": 1789036642,
        "narHash": "sha256-ng2Ou1UrVCP98OAJiq8Mv6aDF/kjQWyaKm4PaxWtAu4=",
        "owner": "nix-community",
        "repo": "nixos-images",
        "rev": "4fcaaefd02b5bc777f99afd620cb1a9aa1fb5b83",
        "type": "github"
      },
      "original": {
        "owner": "nix-community",
        "repo": "nixos-images",
        "type": "github"
      }
    },
    "nixos-install-helper": {
      "inputs": {
        "disko": [
          "disko"
        ],
        "nixos-anywhere": "nixos-anywhere",
        "nixpkgs": [
          "nixpkgs"
        ]
      },
      "locked": {
        "lastModified": 1790177234,
        "narHash": "sha256-Fcp5E7mgqz2FK4APtE8SyZCXYoaOla5iWdyQ8ERPkAs=",
        "owner": "Avunu",
        "repo": "nixos-install-helper",
        "rev": "92587a4d96ec1a8847a64b4965d5e78ead8421f3",
        "type": "github"
      },
      "original": {
        "owner": "Avunu",
        "repo": "nixos-install-helper",
        "type": "github"
      }
    },
    "nixpkgs": {
      "locked": {
        "lastModified": 1790046670,
        "narHash": "sha256-MYiI+CzL0tuWgRPjGsKCDHqYs2T3OzMlMQWOYWG0qso=",
        "owner": "NixOS",
        "repo": "nixpkgs",
        "rev": "6774f7bc253789b113a4f39285dc0fa100abeacc",
        "type": "github"
      },
      "original": {
        "owner": "NixOS",
        "ref": "nixos-unstable",
        "repo": "nixpkgs",
        "type": "github"
      }
    },
    "root": {
      "inputs": {
        "disko": "disko",
        "git-hooks": "git-hooks",
        "nixos-install-helper": "nixos-install-helper",
        "nixpkgs": "nixpkgs",
        "technitium-dns": "technitium-dns"
      }
    },
    "technitium-dns": {
      "flake": false,
      "locked": {
        "lastModified": 1789829312,
        "narHash": "sha256-z/CRwThrstwCWaxphI8OqTlp2wR7FZmZifPNLCmc5TQ=",
        "owner": "TechnitiumSoftware",
        "repo": "DnsServer",
        "rev": "68ef950e4d2999f3dc19d75e4e32383633adf3e5",
        "type": "github"
      },
      "original": {
        "owner": "TechnitiumSoftware",
        "ref": "v15.5.0",
        "repo": "DnsServer",
        "type": "github"
      }
    },
    "treefmt-nix": {
      "inputs": {
        "nixpkgs": [
          "nixos-install-helper",
          "nixos-anywhere",
          "nixpkgs"
        ]
      },
      "locked": {
        "lastModified": 1786901030,
        "narHash": "sha256-WSFCsDSE5ffgD2MqzkM2CYjeFiKhRF/dJUN8uedb6YE=",
        "owner": "numtide",
        "repo": "treefmt-nix",
        "rev": "27b3b12a8e6375f28ebe122f07d230ca5459bbfa",
        "type": "github"
      },
      "original": {
        "owner": "numtide",
        "repo": "treefmt-nix",
        "type": "github"
      }
    }
  },
  "root": "root",
  "version": 7
}
