{
  "nodes": {
    "disko": {
      "inputs": {
        "nixpkgs": [
          "nixpkgs"
        ]
      },
      "locked": {
        "lastModified": 1781152676,
        "narHash": "sha256-RxWs5ND31KzTG7wvMM+PMfUjyNpmIEr999lqNARaM5o=",
        "owner": "nix-community",
        "repo": "disko",
        "rev": "ff8702b4de27f72b4c78573dfb89ec74e36abdf1",
        "type": "github"
      },
      "original": {
        "owner": "nix-community",
        "repo": "disko",
        "type": "github"
      }
    },
    "flake-compat": {
      "flake": false,
      "locked": {
        "lastModified": 1767039857,
        "narHash": "sha256-vNpUSpF5Nuw8xvDLj2KCwwksIbjua2LZCqhV1LNRDns=",
        "owner": "NixOS",
        "repo": "flake-compat",
        "rev": "5edf11c44bc78a0d334f6334cdaf7d60d732daab",
        "type": "github"
      },
      "original": {
        "owner": "NixOS",
        "repo": "flake-compat",
        "type": "github"
      }
    },
    "git-hooks": {
      "inputs": {
        "flake-compat": "flake-compat",
        "nixpkgs": [
          "nixpkgs"
        ]
      },
      "locked": {
        "lastModified": 1784288435,
        "narHash": "sha256-ReRHaLgr/uVqdD8afFSn+myXIfpHeOhP0yYe0TJqAA8=",
        "owner": "cachix",
        "repo": "git-hooks.nix",
        "rev": "43b3c1ab9d40fb1dbb008f451988a91e375825e9",
        "type": "github"
      },
      "original": {
        "owner": "cachix",
        "repo": "git-hooks.nix",
        "type": "github"
      }
    },
    "nix-vm-test": {
      "inputs": {
        "nixpkgs": [
          "nixos-install-helper",
          "nixos-anywhere",
          "nixpkgs"
        ]
      },
      "locked": {
        "lastModified": 1783265394,
        "narHash": "sha256-cq4YfNFGYzp0NItZP8tEC7xUI8OSgY4fj75AU/NSaPM=",
        "owner": "numtide",
        "repo": "nix-vm-test",
        "rev": "1a587212d2ac8b669c6c32499015f996506b6ba5",
        "type": "github"
      },
      "original": {
        "owner": "numtide",
        "repo": "nix-vm-test",
        "type": "github"
      }
    },
    "nixos-anywhere": {
      "inputs": {
        "disko": [
          "nixos-install-helper",
          "disko"
        ],
        "nix-vm-test": "nix-vm-test",
        "nixos-images": "nixos-images",
        "nixos-stable": [
          "nixos-install-helper",
          "nixpkgs"
        ],
        "nixpkgs": [
          "nixos-install-helper",
          "nixpkgs"
        ],
        "treefmt-nix": "treefmt-nix"
      },
      "locked": {
        "lastModified": 1785356851,
        "narHash": "sha256-UYKTcayxYPE3yIruCv525WMbcYDLlkv79bRfkOuFNLs=",
        "owner": "nix-community",
        "repo": "nixos-anywhere",
        "rev": "5887f1c72fbf0e88000716237194de414d2299ee",
        "type": "github"
      },
      "original": {
        "owner": "nix-community",
        "repo": "nixos-anywhere",
        "type": "github"
      }
    },
    "nixos-images": {
      "inputs": {
        "nixos-stable": [
          "nixos-install-helper",
          "nixos-anywhere",
          "nixos-stable"
        ],
        "nixos-unstable": [
          "nixos-install-helper",
          "nixos-anywhere",
          "nixpkgs"
        ]
      },
      "locked": {
        "lastModified": 1784802994,
        "narHash": "sha256-4PcD0Ibzdkh85G+70w5dLlR9YgQ2bmNIjiPPMSzO57w=",
        "owner": "nix-community",
        "repo": "nixos-images",
        "rev": "6ece16b0c97986fe085122e796044add4cc3ff64",
        "type": "github"
      },
      "original": {
        "owner": "nix-community",
        "repo": "nixos-images",
        "type": "github"
      }
    },
    "nixos-install-helper": {
      "inputs": {
        "disko": [
          "disko"
        ],
        "nixos-anywhere": "nixos-anywhere",
        "nixpkgs": [
          "nixpkgs"
        ]
      },
      "locked": {
        "lastModified": 1785778065,
        "narHash": "sha256-0+X6qcTFEYj16IsZjVKxdjWf/9V6J22I8eia1kCX9UI=",
        "owner": "Avunu",
        "repo": "nixos-install-helper",
        "rev": "e87b471792f89d7d8acb3ee9482c427bc407ac88",
        "type": "github"
      },
      "original": {
        "owner": "Avunu",
        "repo": "nixos-install-helper",
        "type": "github"
      }
    },
    "nixpkgs": {
      "locked": {
        "lastModified": 1786247143,
        "narHash": "sha256-8S3Kcxs7D4UtxJxSJZz0m14CGhuW0MxfrIwJxeGWGnQ=",
        "owner": "NixOS",
        "repo": "nixpkgs",
        "rev": "279b4a8275f032c566576b3f181fa0f27197f588",
        "type": "github"
      },
      "original": {
        "owner": "NixOS",
        "ref": "nixos-unstable",
        "repo": "nixpkgs",
        "type": "github"
      }
    },
    "root": {
      "inputs": {
        "disko": "disko",
        "git-hooks": "git-hooks",
        "nixos-install-helper": "nixos-install-helper",
        "nixpkgs": "nixpkgs",
        "technitium-dns": "technitium-dns",
        "turso": "turso"
      }
    },
    "technitium-dns": {
      "flake": false,
      "locked": {
        "lastModified": 1778325996,
        "narHash": "sha256-464jhswTOJnQnxetl9hH5U3aDP0RXzJTicot9nWzpAo=",
        "owner": "TechnitiumSoftware",
        "repo": "DnsServer",
        "rev": "aa9044d4df9d739b6a6e428bb77cecb3356b775b",
        "type": "github"
      },
      "original": {
        "owner": "TechnitiumSoftware",
        "ref": "v15.2.0",
        "repo": "DnsServer",
        "type": "github"
      }
    },
    "treefmt-nix": {
      "inputs": {
        "nixpkgs": [
          "nixos-install-helper",
          "nixos-anywhere",
          "nixpkgs"
        ]
      },
      "locked": {
        "lastModified": 1784369104,
        "narHash": "sha256-47cxbcZODibHv3rELFQ9vZly0vUNkND/atn/U7HLeb0=",
        "owner": "numtide",
        "repo": "treefmt-nix",
        "rev": "df3c0640565d04a0261253cdd89fce78ec50168a",
        "type": "github"
      },
      "original": {
        "owner": "numtide",
        "repo": "treefmt-nix",
        "type": "github"
      }
    },
    "turso": {
      "flake": false,
      "locked": {
        "lastModified": 1786455354,
        "narHash": "sha256-eLIQ2wtUbVzZKPCiN1QL4mSaaYY0iayB25Bso3G9gWk=",
        "owner": "tursodatabase",
        "repo": "turso",
        "rev": "f44b213c19296211473163486aaabb6e35f9763f",
        "type": "github"
      },
      "original": {
        "owner": "tursodatabase",
        "repo": "turso",
        "type": "github"
      }
    }
  },
  "root": "root",
  "version": 7
}
